
Microsoft Visual Studio Solution File, Format Version 12.00
# Visual Studio 15
VisualStudioVersion = 15.0.27428.2043
MinimumVisualStudioVersion = 10.0.40219.1
Project("{FAE04EC0-301F-11D3-BF4B-00C04F79EFBC}") = "Switcher", "Switcher\Switcher.csproj", "{3682FE44-1AE4-4013-9A46-102731862F52}"
EndProject
Global
	GlobalSection(SolutionConfigurationPlatforms) = preSolution
		Debug|Any CPU = Debug|Any CPU
		Release|Any CPU = Release|Any CPU
	EndGlobalSection
	GlobalSection(ProjectConfigurationPlatforms) = postSolution
		{3682FE44-1AE4-4013-9A46-102731862F52}.Debug|Any CPU.ActiveCfg = Debug|Any CPU
		{3682FE44-1AE4-4013-9A46-102731862F52}.Debug|Any CPU.Build.0 = Debug|Any CPU
		{3682FE44-1AE4-4013-9A46-102731862F52}.Release|Any CPU.ActiveCfg = Release|Any CPU
		{3682FE44-1AE4-4013-9A46-102731862F52}.Release|Any CPU.Build.0 = Release|Any CPU
	EndGlobalSection
	GlobalSection(SolutionProperties) = preSolution
		HideSolutionNode = FALSE
	EndGlobalSection
	GlobalSection(ExtensibilityGlobals) = postSolution
		SolutionGuid = {41AB8E31-B49A-40F3-8045-5ADEAEFD01DB}
	EndGlobalSection
EndGlobal
